
Microsoft Visual Studio Solution File, Format Version 12.00
# Visual Studio Version 17
VisualStudioVersion = 17.4.33205.214
MinimumVisualStudioVersion = 10.0.40219.1
Project("{FAE04EC0-301F-11D3-BF4B-00C04F79EFBC}") = "StudentManagement", "StudentManagement\StudentManagement.csproj", "{BF5D7F1B-1E4F-48DB-87E6-D23891D28BCD}"
EndProject
Global
	GlobalSection(SolutionConfigurationPlatforms) = preSolution
		Debug|Any CPU = Debug|Any CPU
		Release|Any CPU = Release|Any CPU
	EndGlobalSection
	GlobalSection(ProjectConfigurationPlatforms) = postSolution
		{BF5D7F1B-1E4F-48DB-87E6-D23891D28BCD}.Debug|Any CPU.ActiveCfg = Debug|Any CPU
		{BF5D7F1B-1E4F-48DB-87E6-D23891D28BCD}.Debug|Any CPU.Build.0 = Debug|Any CPU
		{BF5D7F1B-1E4F-48DB-87E6-D23891D28BCD}.Release|Any CPU.ActiveCfg = Release|Any CPU
		{BF5D7F1B-1E4F-48DB-87E6-D23891D28BCD}.Release|Any CPU.Build.0 = Release|Any CPU
	EndGlobalSection
	GlobalSection(SolutionProperties) = preSolution
		HideSolutionNode = FALSE
	EndGlobalSection
	GlobalSection(ExtensibilityGlobals) = postSolution
		SolutionGuid = {4512E736-F863-494C-9D51-53B0F596E3D4}
	EndGlobalSection
EndGlobal
